
Microsoft Visual Studio Solution File, Format Version 12.00
Project("{FAE04EC0-301F-11D3-BF4B-00C04F79EFBC}") = "ProductService", "ProductService.csproj", "{89B3E751-2606-46F9-B4D7-B0E511E1768E}"
EndProject
Project("{2150E333-8FDC-42A3-9474-1A3956D46DE8}") = "External", "External", "{E0E64C37-A3CB-48EA-8A74-B9CCAF812D78}"
EndProject
Project("{FAE04EC0-301F-11D3-BF4B-00C04F79EFBC}") = "ServiceDefaults", "..\ServiceDefaults\ServiceDefaults.csproj", "{240928BA-1C7C-4989-AB65-9D2DDFC316F0}"
EndProject
Global
	GlobalSection(SolutionConfigurationPlatforms) = preSolution
		Debug|Any CPU = Debug|Any CPU
		Release|Any CPU = Release|Any CPU
	EndGlobalSection
	GlobalSection(ProjectConfigurationPlatforms) = postSolution
		{89B3E751-2606-46F9-B4D7-B0E511E1768E}.Debug|Any CPU.ActiveCfg = Debug|Any CPU
		{89B3E751-2606-46F9-B4D7-B0E511E1768E}.Debug|Any CPU.Build.0 = Debug|Any CPU
		{89B3E751-2606-46F9-B4D7-B0E511E1768E}.Release|Any CPU.ActiveCfg = Release|Any CPU
		{89B3E751-2606-46F9-B4D7-B0E511E1768E}.Release|Any CPU.Build.0 = Release|Any CPU
		{240928BA-1C7C-4989-AB65-9D2DDFC316F0}.Debug|Any CPU.ActiveCfg = Debug|Any CPU
		{240928BA-1C7C-4989-AB65-9D2DDFC316F0}.Debug|Any CPU.Build.0 = Debug|Any CPU
		{240928BA-1C7C-4989-AB65-9D2DDFC316F0}.Release|Any CPU.ActiveCfg = Release|Any CPU
		{240928BA-1C7C-4989-AB65-9D2DDFC316F0}.Release|Any CPU.Build.0 = Release|Any CPU
	EndGlobalSection
	GlobalSection(NestedProjects) = preSolution
		{240928BA-1C7C-4989-AB65-9D2DDFC316F0} = {E0E64C37-A3CB-48EA-8A74-B9CCAF812D78}
	EndGlobalSection
EndGlobal
